
Microsoft Visual Studio Solution File, Format Version 12.00
# Visual Studio Version 17
VisualStudioVersion = 17.10.35122.118
MinimumVisualStudioVersion = 10.0.40219.1
Project("{9A19103F-16F7-4668-BE54-9A1E7A4F7556}") = "EwFrameworkAnalysis.Blazor", "EwFrameworkAnalysis.Blazor\EwFrameworkAnalysis.Blazor.csproj", "{EDD7FD06-1593-4E2C-B75C-66F230530BE8}"
EndProject
Project("{9A19103F-16F7-4668-BE54-9A1E7A4F7556}") = "EwFrameworkAnalysis.Blazor.Tests", "EwFrameworkAnalysis.Blazor.Tests\EwFrameworkAnalysis.Blazor.Tests.csproj", "{76CCA5B0-AC17-4F00-B51C-6707A48F81A0}"
EndProject
Project("{9A19103F-16F7-4668-BE54-9A1E7A4F7556}") = "EwFrameworkAnalysis.Common", "EwFrameworkAnalysis.Common\EwFrameworkAnalysis.Common.csproj", "{69C88A92-4567-46FC-AD93-BB3DC072D65B}"
EndProject
Global
	GlobalSection(SolutionConfigurationPlatforms) = preSolution
		Debug|Any CPU = Debug|Any CPU
		Release|Any CPU = Release|Any CPU
	EndGlobalSection
	GlobalSection(ProjectConfigurationPlatforms) = postSolution
		{EDD7FD06-1593-4E2C-B75C-66F230530BE8}.Debug|Any CPU.ActiveCfg = Debug|Any CPU
		{EDD7FD06-1593-4E2C-B75C-66F230530BE8}.Debug|Any CPU.Build.0 = Debug|Any CPU
		{EDD7FD06-1593-4E2C-B75C-66F230530BE8}.Release|Any CPU.ActiveCfg = Release|Any CPU
		{EDD7FD06-1593-4E2C-B75C-66F230530BE8}.Release|Any CPU.Build.0 = Release|Any CPU
		{76CCA5B0-AC17-4F00-B51C-6707A48F81A0}.Debug|Any CPU.ActiveCfg = Debug|Any CPU
		{76CCA5B0-AC17-4F00-B51C-6707A48F81A0}.Debug|Any CPU.Build.0 = Debug|Any CPU
		{76CCA5B0-AC17-4F00-B51C-6707A48F81A0}.Release|Any CPU.ActiveCfg = Release|Any CPU
		{76CCA5B0-AC17-4F00-B51C-6707A48F81A0}.Release|Any CPU.Build.0 = Release|Any CPU
		{69C88A92-4567-46FC-AD93-BB3DC072D65B}.Debug|Any CPU.ActiveCfg = Debug|Any CPU
		{69C88A92-4567-46FC-AD93-BB3DC072D65B}.Debug|Any CPU.Build.0 = Debug|Any CPU
		{69C88A92-4567-46FC-AD93-BB3DC072D65B}.Release|Any CPU.ActiveCfg = Release|Any CPU
		{69C88A92-4567-46FC-AD93-BB3DC072D65B}.Release|Any CPU.Build.0 = Release|Any CPU
	EndGlobalSection
	GlobalSection(SolutionProperties) = preSolution
		HideSolutionNode = FALSE
	EndGlobalSection
	GlobalSection(ExtensibilityGlobals) = postSolution
		SolutionGuid = {7433BEE6-D804-4060-AECF-9C2E813BA2EF}
	EndGlobalSection
EndGlobal
