Microsoft Visual Studio Solution File, Format Version 12.00
# Visual Studio Version 17
VisualStudioVersion = 17.10.35122.118
MinimumVisualStudioVersion = 10.0.40219.1
Project("{9A19103F-16F7-4668-BE54-9A1E7A4F7556}") = "EwFrameworkAnalysis.UI.UnitTests", "EwFrameworkAnalysis.UI.UnitTests\EwFrameworkAnalysis.UI.UnitTests.csproj", "{76CCA5B0-AC17-4F00-B51C-6707A48F81A0}"
EndProject
Project("{9A19103F-16F7-4668-BE54-9A1E7A4F7556}") = "EwFrameworkAnalysis.Common", "EwFrameworkAnalysis.Common\EwFrameworkAnalysis.Common.csproj", "{69C88A92-4567-46FC-AD93-BB3DC072D65B}"
EndProject
Project("{FAE04EC0-301F-11D3-BF4B-00C04F79EFBC}") = "EwFrameworkAnalysis.E2ETests", "EwFrameworkAnalysis.E2ETests\EwFrameworkAnalysis.E2ETests.csproj", "{23C18E44-0A97-4880-9FAD-22FF19C97BBC}"
EndProject
Project("{FAE04EC0-301F-11D3-BF4B-00C04F79EFBC}") = "EwFrameworkAnalysis.IntegrationTests", "EwFrameworkAnalysis.IntegrationTests\EwFrameworkAnalysis.IntegrationTests.csproj", "{D2D34DA1-ED29-4837-883D-AF1711FD3132}"
EndProject
Project("{FAE04EC0-301F-11D3-BF4B-00C04F79EFBC}") = "EwFrameworkAnalysis.UI", "EwFrameworkAnalysis.UI\EwFrameworkAnalysis.UI.csproj", "{66C0EFBB-2BB6-B415-A494-83956E538DA3}"
EndProject
Project("{2150E333-8FDC-42A3-9474-1A3956D46DE8}") = "Tests", "Tests", "{02EA681E-C7D8-13C7-8484-4AC65E1B71E8}"
EndProject
Project("{FAE04EC0-301F-11D3-BF4B-00C04F79EFBC}") = "EwFrameworkAnalysis.Common.UnitTests", "EwFrameworkAnalysis.Common.UnitTests\EwFrameworkAnalysis.Common.UnitTests.csproj", "{0CB38660-666C-47DA-B803-FF45F6C94FD5}"
EndProject
Global
	GlobalSection(SolutionConfigurationPlatforms) = preSolution
		Debug|Any CPU = Debug|Any CPU
		Release|Any CPU = Release|Any CPU
	EndGlobalSection
	GlobalSection(ProjectConfigurationPlatforms) = postSolution
		{76CCA5B0-AC17-4F00-B51C-6707A48F81A0}.Debug|Any CPU.ActiveCfg = Debug|Any CPU
		{76CCA5B0-AC17-4F00-B51C-6707A48F81A0}.Debug|Any CPU.Build.0 = Debug|Any CPU
		{76CCA5B0-AC17-4F00-B51C-6707A48F81A0}.Release|Any CPU.ActiveCfg = Release|Any CPU
		{76CCA5B0-AC17-4F00-B51C-6707A48F81A0}.Release|Any CPU.Build.0 = Release|Any CPU
		{69C88A92-4567-46FC-AD93-BB3DC072D65B}.Debug|Any CPU.ActiveCfg = Debug|Any CPU
		{69C88A92-4567-46FC-AD93-BB3DC072D65B}.Debug|Any CPU.Build.0 = Debug|Any CPU
		{69C88A92-4567-46FC-AD93-BB3DC072D65B}.Release|Any CPU.ActiveCfg = Release|Any CPU
		{69C88A92-4567-46FC-AD93-BB3DC072D65B}.Release|Any CPU.Build.0 = Release|Any CPU
		{23C18E44-0A97-4880-9FAD-22FF19C97BBC}.Debug|Any CPU.ActiveCfg = Debug|Any CPU
		{23C18E44-0A97-4880-9FAD-22FF19C97BBC}.Debug|Any CPU.Build.0 = Debug|Any CPU
		{23C18E44-0A97-4880-9FAD-22FF19C97BBC}.Release|Any CPU.ActiveCfg = Release|Any CPU
		{23C18E44-0A97-4880-9FAD-22FF19C97BBC}.Release|Any CPU.Build.0 = Release|Any CPU
		{D2D34DA1-ED29-4837-883D-AF1711FD3132}.Debug|Any CPU.ActiveCfg = Debug|Any CPU
		{D2D34DA1-ED29-4837-883D-AF1711FD3132}.Debug|Any CPU.Build.0 = Debug|Any CPU
		{D2D34DA1-ED29-4837-883D-AF1711FD3132}.Release|Any CPU.ActiveCfg = Release|Any CPU
		{D2D34DA1-ED29-4837-883D-AF1711FD3132}.Release|Any CPU.Build.0 = Release|Any CPU
		{66C0EFBB-2BB6-B415-A494-83956E538DA3}.Debug|Any CPU.ActiveCfg = Debug|Any CPU
		{66C0EFBB-2BB6-B415-A494-83956E538DA3}.Debug|Any CPU.Build.0 = Debug|Any CPU
		{66C0EFBB-2BB6-B415-A494-83956E538DA3}.Release|Any CPU.ActiveCfg = Release|Any CPU
		{66C0EFBB-2BB6-B415-A494-83956E538DA3}.Release|Any CPU.Build.0 = Release|Any CPU
		{0CB38660-666C-47DA-B803-FF45F6C94FD5}.Debug|Any CPU.ActiveCfg = Debug|Any CPU
		{0CB38660-666C-47DA-B803-FF45F6C94FD5}.Debug|Any CPU.Build.0 = Debug|Any CPU
		{0CB38660-666C-47DA-B803-FF45F6C94FD5}.Release|Any CPU.ActiveCfg = Release|Any CPU
		{0CB38660-666C-47DA-B803-FF45F6C94FD5}.Release|Any CPU.Build.0 = Release|Any CPU
	EndGlobalSection
	GlobalSection(SolutionProperties) = preSolution
		HideSolutionNode = FALSE
	EndGlobalSection
	GlobalSection(NestedProjects) = preSolution
		{76CCA5B0-AC17-4F00-B51C-6707A48F81A0} = {02EA681E-C7D8-13C7-8484-4AC65E1B71E8}
		{23C18E44-0A97-4880-9FAD-22FF19C97BBC} = {02EA681E-C7D8-13C7-8484-4AC65E1B71E8}
		{D2D34DA1-ED29-4837-883D-AF1711FD3132} = {02EA681E-C7D8-13C7-8484-4AC65E1B71E8}
		{0CB38660-666C-47DA-B803-FF45F6C94FD5} = {02EA681E-C7D8-13C7-8484-4AC65E1B71E8}
	EndGlobalSection
	GlobalSection(ExtensibilityGlobals) = postSolution
		SolutionGuid = {7433BEE6-D804-4060-AECF-9C2E813BA2EF}
	EndGlobalSection
EndGlobal
